// !$*UTF8*$!
{
	archiveVersion = 1;
	classes = {
	};
	objectVersion = 55;
	objects = {

/* Begin PBXBuildFile section */
		B6DDD11A2865D7F300DADB71 /* AppDelegate.swift in Sources */ = {isa = PBXBuildFile; fileRef = B6DDD1192865D7F300DADB71 /* AppDelegate.swift */; };
		B6DDD11E2865D7F300DADB71 /* ViewController.swift in Sources */ = {isa = PBXBuildFile; fileRef = B6DDD11D2865D7F300DADB71 /* ViewController.swift */; };
		B6DDD1212865D7F300DADB71 /* Main.storyboard in Resources */ = {isa = PBXBuildFile; fileRef = B6DDD11F2865D7F300DADB71 /* Main.storyboard */; };
		B6DDD1232865D7F900DADB71 /* Assets.xcassets in Resources */ = {isa = PBXBuildFile; fileRef = B6DDD1222865D7F900DADB71 /* Assets.xcassets */; };
		B6DDD1262865D7F900DADB71 /* LaunchScreen.storyboard in Resources */ = {isa = PBXBuildFile; fileRef = B6DDD1242865D7F900DADB71 /* LaunchScreen.storyboard */; };
		B6DDD1312865D7F900DADB71 /* DigioTestTests.swift in Sources */ = {isa = PBXBuildFile; fileRef = B6DDD1302865D7F900DADB71 /* DigioTestTests.swift */; };
		B6DDD13B2865D7F900DADB71 /* DigioTestUITests.swift in Sources */ = {isa = PBXBuildFile; fileRef = B6DDD13A2865D7F900DADB71 /* DigioTestUITests.swift */; };
		B6DDD13D2865D7F900DADB71 /* DigioTestUITestsLaunchTests.swift in Sources */ = {isa = PBXBuildFile; fileRef = B6DDD13C2865D7F900DADB71 /* DigioTestUITestsLaunchTests.swift */; };
		B6DDD14D2865EFBE00DADB71 /* CollectionTableViewCell.swift in Sources */ = {isa = PBXBuildFile; fileRef = B6DDD14B2865EFBE00DADB71 /* CollectionTableViewCell.swift */; };
		B6DDD14E2865EFBE00DADB71 /* CollectionTableViewCell.xib in Resources */ = {isa = PBXBuildFile; fileRef = B6DDD14C2865EFBE00DADB71 /* CollectionTableViewCell.xib */; };
		B6DDD1512865F14500DADB71 /* ImageCollectionViewCell.swift in Sources */ = {isa = PBXBuildFile; fileRef = B6DDD14F2865F14500DADB71 /* ImageCollectionViewCell.swift */; };
		B6DDD1522865F14500DADB71 /* ImageCollectionViewCell.xib in Resources */ = {isa = PBXBuildFile; fileRef = B6DDD1502865F14500DADB71 /* ImageCollectionViewCell.xib */; };
		B6DDD156286603A600DADB71 /* UIView+Extensions.swift in Sources */ = {isa = PBXBuildFile; fileRef = B6DDD155286603A600DADB71 /* UIView+Extensions.swift */; };
		B6DDD1592866694C00DADB71 /* SharedAPI.swift in Sources */ = {isa = PBXBuildFile; fileRef = B6DDD1582866694C00DADB71 /* SharedAPI.swift */; };
		B6DDD161286673C300DADB71 /* README.md in Resources */ = {isa = PBXBuildFile; fileRef = B6DDD160286673C300DADB71 /* README.md */; };
		B6DDD16528667DED00DADB71 /* ProductList.swift in Sources */ = {isa = PBXBuildFile; fileRef = B6DDD16428667DED00DADB71 /* ProductList.swift */; };
		B6DDD167286688AC00DADB71 /* Encodable+Decodable.swift in Sources */ = {isa = PBXBuildFile; fileRef = B6DDD166286688AC00DADB71 /* Encodable+Decodable.swift */; };
		B6DDD1692866957600DADB71 /* Cash.swift in Sources */ = {isa = PBXBuildFile; fileRef = B6DDD1682866957600DADB71 /* Cash.swift */; };
		B6DDD16B286695A100DADB71 /* Product.swift in Sources */ = {isa = PBXBuildFile; fileRef = B6DDD16A286695A100DADB71 /* Product.swift */; };
		B6DDD16D286695B800DADB71 /* Spotlight.swift in Sources */ = {isa = PBXBuildFile; fileRef = B6DDD16C286695B800DADB71 /* Spotlight.swift */; };
/* End PBXBuildFile section */

/* Begin PBXContainerItemProxy section */
		B6DDD12D2865D7F900DADB71 /* PBXContainerItemProxy */ = {
			isa = PBXContainerItemProxy;
			containerPortal = B6DDD10E2865D7F300DADB71 /* Project object */;
			proxyType = 1;
			remoteGlobalIDString = B6DDD1152865D7F300DADB71;
			remoteInfo = DigioTest;
		};
		B6DDD1372865D7F900DADB71 /* PBXContainerItemProxy */ = {
			isa = PBXContainerItemProxy;
			containerPortal = B6DDD10E2865D7F300DADB71 /* Project object */;
			proxyType = 1;
			remoteGlobalIDString = B6DDD1152865D7F300DADB71;
			remoteInfo = DigioTest;
		};
/* End PBXContainerItemProxy section */

/* Begin PBXFileReference section */
		B6DDD1162865D7F300DADB71 /* DigioTest.app */ = {isa = PBXFileReference; explicitFileType = wrapper.application; includeInIndex = 0; path = DigioTest.app; sourceTree = BUILT_PRODUCTS_DIR; };
		B6DDD1192865D7F300DADB71 /* AppDelegate.swift */ = {isa = PBXFileReference; lastKnownFileType = sourcecode.swift; path = AppDelegate.swift; sourceTree = "<group>"; };
		B6DDD11D2865D7F300DADB71 /* ViewController.swift */ = {isa = PBXFileReference; lastKnownFileType = sourcecode.swift; path = ViewController.swift; sourceTree = "<group>"; };
		B6DDD1202865D7F300DADB71 /* Base */ = {isa = PBXFileReference; lastKnownFileType = file.storyboard; name = Base; path = Base.lproj/Main.storyboard; sourceTree = "<group>"; };
		B6DDD1222865D7F900DADB71 /* Assets.xcassets */ = {isa = PBXFileReference; lastKnownFileType = folder.assetcatalog; path = Assets.xcassets; sourceTree = "<group>"; };
		B6DDD1252865D7F900DADB71 /* Base */ = {isa = PBXFileReference; lastKnownFileType = file.storyboard; name = Base; path = Base.lproj/LaunchScreen.storyboard; sourceTree = "<group>"; };
		B6DDD1272865D7F900DADB71 /* Info.plist */ = {isa = PBXFileReference; lastKnownFileType = text.plist.xml; path = Info.plist; sourceTree = "<group>"; };
		B6DDD12C2865D7F900DADB71 /* DigioTestTests.xctest */ = {isa = PBXFileReference; explicitFileType = wrapper.cfbundle; includeInIndex = 0; path = DigioTestTests.xctest; sourceTree = BUILT_PRODUCTS_DIR; };
		B6DDD1302865D7F900DADB71 /* DigioTestTests.swift */ = {isa = PBXFileReference; lastKnownFileType = sourcecode.swift; path = DigioTestTests.swift; sourceTree = "<group>"; };
		B6DDD1362865D7F900DADB71 /* DigioTestUITests.xctest */ = {isa = PBXFileReference; explicitFileType = wrapper.cfbundle; includeInIndex = 0; path = DigioTestUITests.xctest; sourceTree = BUILT_PRODUCTS_DIR; };
		B6DDD13A2865D7F900DADB71 /* DigioTestUITests.swift */ = {isa = PBXFileReference; lastKnownFileType = sourcecode.swift; path = DigioTestUITests.swift; sourceTree = "<group>"; };
		B6DDD13C2865D7F900DADB71 /* DigioTestUITestsLaunchTests.swift */ = {isa = PBXFileReference; lastKnownFileType = sourcecode.swift; path = DigioTestUITestsLaunchTests.swift; sourceTree = "<group>"; };
		B6DDD14B2865EFBE00DADB71 /* CollectionTableViewCell.swift */ = {isa = PBXFileReference; lastKnownFileType = sourcecode.swift; path = CollectionTableViewCell.swift; sourceTree = "<group>"; };
		B6DDD14C2865EFBE00DADB71 /* CollectionTableViewCell.xib */ = {isa = PBXFileReference; lastKnownFileType = file.xib; path = CollectionTableViewCell.xib; sourceTree = "<group>"; };
		B6DDD14F2865F14500DADB71 /* ImageCollectionViewCell.swift */ = {isa = PBXFileReference; lastKnownFileType = sourcecode.swift; path = ImageCollectionViewCell.swift; sourceTree = "<group>"; };
		B6DDD1502865F14500DADB71 /* ImageCollectionViewCell.xib */ = {isa = PBXFileReference; lastKnownFileType = file.xib; path = ImageCollectionViewCell.xib; sourceTree = "<group>"; };
		B6DDD155286603A600DADB71 /* UIView+Extensions.swift */ = {isa = PBXFileReference; lastKnownFileType = sourcecode.swift; path = "UIView+Extensions.swift"; sourceTree = "<group>"; };
		B6DDD1582866694C00DADB71 /* SharedAPI.swift */ = {isa = PBXFileReference; lastKnownFileType = sourcecode.swift; path = SharedAPI.swift; sourceTree = "<group>"; };
		B6DDD160286673C300DADB71 /* README.md */ = {isa = PBXFileReference; fileEncoding = 4; lastKnownFileType = net.daringfireball.markdown; path = README.md; sourceTree = SOURCE_ROOT; };
		B6DDD16428667DED00DADB71 /* ProductList.swift */ = {isa = PBXFileReference; lastKnownFileType = sourcecode.swift; path = ProductList.swift; sourceTree = "<group>"; };
		B6DDD166286688AC00DADB71 /* Encodable+Decodable.swift */ = {isa = PBXFileReference; lastKnownFileType = sourcecode.swift; path = "Encodable+Decodable.swift"; sourceTree = "<group>"; };
		B6DDD1682866957600DADB71 /* Cash.swift */ = {isa = PBXFileReference; lastKnownFileType = sourcecode.swift; path = Cash.swift; sourceTree = "<group>"; };
		B6DDD16A286695A100DADB71 /* Product.swift */ = {isa = PBXFileReference; lastKnownFileType = sourcecode.swift; path = Product.swift; sourceTree = "<group>"; };
		B6DDD16C286695B800DADB71 /* Spotlight.swift */ = {isa = PBXFileReference; lastKnownFileType = sourcecode.swift; path = Spotlight.swift; sourceTree = "<group>"; };
/* End PBXFileReference section */

/* Begin PBXFrameworksBuildPhase section */
		B6DDD1132865D7F300DADB71 /* Frameworks */ = {
			isa = PBXFrameworksBuildPhase;
			buildActionMask = 2147483647;
			files = (
			);
			runOnlyForDeploymentPostprocessing = 0;
		};
		B6DDD1292865D7F900DADB71 /* Frameworks */ = {
			isa = PBXFrameworksBuildPhase;
			buildActionMask = 2147483647;
			files = (
			);
			runOnlyForDeploymentPostprocessing = 0;
		};
		B6DDD1332865D7F900DADB71 /* Frameworks */ = {
			isa = PBXFrameworksBuildPhase;
			buildActionMask = 2147483647;
			files = (
			);
			runOnlyForDeploymentPostprocessing = 0;
		};
/* End PBXFrameworksBuildPhase section */

/* Begin PBXGroup section */
		B6DDD10D2865D7F300DADB71 = {
			isa = PBXGroup;
			children = (
				B6DDD1182865D7F300DADB71 /* DigioTest */,
				B6DDD12F2865D7F900DADB71 /* DigioTestTests */,
				B6DDD1392865D7F900DADB71 /* DigioTestUITests */,
				B6DDD1172865D7F300DADB71 /* Products */,
			);
			sourceTree = "<group>";
		};
		B6DDD1172865D7F300DADB71 /* Products */ = {
			isa = PBXGroup;
			children = (
				B6DDD1162865D7F300DADB71 /* DigioTest.app */,
				B6DDD12C2865D7F900DADB71 /* DigioTestTests.xctest */,
				B6DDD1362865D7F900DADB71 /* DigioTestUITests.xctest */,
			);
			name = Products;
			sourceTree = "<group>";
		};
		B6DDD1182865D7F300DADB71 /* DigioTest */ = {
			isa = PBXGroup;
			children = (
				B6DDD1572866692A00DADB71 /* API */,
				B6DDD1542866033500DADB71 /* Extensions */,
				B6DDD1492865EF0D00DADB71 /* Cells */,
				B6DDD1192865D7F300DADB71 /* AppDelegate.swift */,
				B6DDD11D2865D7F300DADB71 /* ViewController.swift */,
				B6DDD11F2865D7F300DADB71 /* Main.storyboard */,
				B6DDD1222865D7F900DADB71 /* Assets.xcassets */,
				B6DDD1242865D7F900DADB71 /* LaunchScreen.storyboard */,
				B6DDD1272865D7F900DADB71 /* Info.plist */,
				B6DDD160286673C300DADB71 /* README.md */,
			);
			path = DigioTest;
			sourceTree = "<group>";
		};
		B6DDD12F2865D7F900DADB71 /* DigioTestTests */ = {
			isa = PBXGroup;
			children = (
				B6DDD1302865D7F900DADB71 /* DigioTestTests.swift */,
			);
			path = DigioTestTests;
			sourceTree = "<group>";
		};
		B6DDD1392865D7F900DADB71 /* DigioTestUITests */ = {
			isa = PBXGroup;
			children = (
				B6DDD13A2865D7F900DADB71 /* DigioTestUITests.swift */,
				B6DDD13C2865D7F900DADB71 /* DigioTestUITestsLaunchTests.swift */,
			);
			path = DigioTestUITests;
			sourceTree = "<group>";
		};
		B6DDD1492865EF0D00DADB71 /* Cells */ = {
			isa = PBXGroup;
			children = (
				B6DDD14B2865EFBE00DADB71 /* CollectionTableViewCell.swift */,
				B6DDD14C2865EFBE00DADB71 /* CollectionTableViewCell.xib */,
				B6DDD14F2865F14500DADB71 /* ImageCollectionViewCell.swift */,
				B6DDD1502865F14500DADB71 /* ImageCollectionViewCell.xib */,
			);
			path = Cells;
			sourceTree = "<group>";
		};
		B6DDD1542866033500DADB71 /* Extensions */ = {
			isa = PBXGroup;
			children = (
				B6DDD155286603A600DADB71 /* UIView+Extensions.swift */,
				B6DDD166286688AC00DADB71 /* Encodable+Decodable.swift */,
			);
			path = Extensions;
			sourceTree = "<group>";
		};
		B6DDD1572866692A00DADB71 /* API */ = {
			isa = PBXGroup;
			children = (
				B6DDD16E286695E700DADB71 /* Models */,
				B6DDD1582866694C00DADB71 /* SharedAPI.swift */,
			);
			path = API;
			sourceTree = "<group>";
		};
		B6DDD16E286695E700DADB71 /* Models */ = {
			isa = PBXGroup;
			children = (
				B6DDD16428667DED00DADB71 /* ProductList.swift */,
				B6DDD1682866957600DADB71 /* Cash.swift */,
				B6DDD16A286695A100DADB71 /* Product.swift */,
				B6DDD16C286695B800DADB71 /* Spotlight.swift */,
			);
			path = Models;
			sourceTree = "<group>";
		};
/* End PBXGroup section */

/* Begin PBXNativeTarget section */
		B6DDD1152865D7F300DADB71 /* DigioTest */ = {
			isa = PBXNativeTarget;
			buildConfigurationList = B6DDD1402865D7F900DADB71 /* Build configuration list for PBXNativeTarget "DigioTest" */;
			buildPhases = (
				B6DDD1122865D7F300DADB71 /* Sources */,
				B6DDD1132865D7F300DADB71 /* Frameworks */,
				B6DDD1142865D7F300DADB71 /* Resources */,
			);
			buildRules = (
			);
			dependencies = (
			);
			name = DigioTest;
			productName = DigioTest;
			productReference = B6DDD1162865D7F300DADB71 /* DigioTest.app */;
			productType = "com.apple.product-type.application";
		};
		B6DDD12B2865D7F900DADB71 /* DigioTestTests */ = {
			isa = PBXNativeTarget;
			buildConfigurationList = B6DDD1432865D7F900DADB71 /* Build configuration list for PBXNativeTarget "DigioTestTests" */;
			buildPhases = (
				B6DDD1282865D7F900DADB71 /* Sources */,
				B6DDD1292865D7F900DADB71 /* Frameworks */,
				B6DDD12A2865D7F900DADB71 /* Resources */,
			);
			buildRules = (
			);
			dependencies = (
				B6DDD12E2865D7F900DADB71 /* PBXTargetDependency */,
			);
			name = DigioTestTests;
			productName = DigioTestTests;
			productReference = B6DDD12C2865D7F900DADB71 /* DigioTestTests.xctest */;
			productType = "com.apple.product-type.bundle.unit-test";
		};
		B6DDD1352865D7F900DADB71 /* DigioTestUITests */ = {
			isa = PBXNativeTarget;
			buildConfigurationList = B6DDD1462865D7F900DADB71 /* Build configuration list for PBXNativeTarget "DigioTestUITests" */;
			buildPhases = (
				B6DDD1322865D7F900DADB71 /* Sources */,
				B6DDD1332865D7F900DADB71 /* Frameworks */,
				B6DDD1342865D7F900DADB71 /* Resources */,
			);
			buildRules = (
			);
			dependencies = (
				B6DDD1382865D7F900DADB71 /* PBXTargetDependency */,
			);
			name = DigioTestUITests;
			productName = DigioTestUITests;
			productReference = B6DDD1362865D7F900DADB71 /* DigioTestUITests.xctest */;
			productType = "com.apple.product-type.bundle.ui-testing";
		};
/* End PBXNativeTarget section */

/* Begin PBXProject section */
		B6DDD10E2865D7F300DADB71 /* Project object */ = {
			isa = PBXProject;
			attributes = {
				BuildIndependentTargetsInParallel = 1;
				LastSwiftUpdateCheck = 1340;
				LastUpgradeCheck = 1340;
				TargetAttributes = {
					B6DDD1152865D7F300DADB71 = {
						CreatedOnToolsVersion = 13.4.1;
					};
					B6DDD12B2865D7F900DADB71 = {
						CreatedOnToolsVersion = 13.4.1;
						TestTargetID = B6DDD1152865D7F300DADB71;
					};
					B6DDD1352865D7F900DADB71 = {
						CreatedOnToolsVersion = 13.4.1;
						TestTargetID = B6DDD1152865D7F300DADB71;
					};
				};
			};
			buildConfigurationList = B6DDD1112865D7F300DADB71 /* Build configuration list for PBXProject "DigioTest" */;
			compatibilityVersion = "Xcode 13.0";
			developmentRegion = en;
			hasScannedForEncodings = 0;
			knownRegions = (
				en,
				Base,
			);
			mainGroup = B6DDD10D2865D7F300DADB71;
			productRefGroup = B6DDD1172865D7F300DADB71 /* Products */;
			projectDirPath = "";
			projectRoot = "";
			targets = (
				B6DDD1152865D7F300DADB71 /* DigioTest */,
				B6DDD12B2865D7F900DADB71 /* DigioTestTests */,
				B6DDD1352865D7F900DADB71 /* DigioTestUITests */,
			);
		};
/* End PBXProject section */

/* Begin PBXResourcesBuildPhase section */
		B6DDD1142865D7F300DADB71 /* Resources */ = {
			isa = PBXResourcesBuildPhase;
			buildActionMask = 2147483647;
			files = (
				B6DDD161286673C300DADB71 /* README.md in Resources */,
				B6DDD1262865D7F900DADB71 /* LaunchScreen.storyboard in Resources */,
				B6DDD1232865D7F900DADB71 /* Assets.xcassets in Resources */,
				B6DDD1212865D7F300DADB71 /* Main.storyboard in Resources */,
				B6DDD14E2865EFBE00DADB71 /* CollectionTableViewCell.xib in Resources */,
				B6DDD1522865F14500DADB71 /* ImageCollectionViewCell.xib in Resources */,
			);
			runOnlyForDeploymentPostprocessing = 0;
		};
		B6DDD12A2865D7F900DADB71 /* Resources */ = {
			isa = PBXResourcesBuildPhase;
			buildActionMask = 2147483647;
			files = (
			);
			runOnlyForDeploymentPostprocessing = 0;
		};
		B6DDD1342865D7F900DADB71 /* Resources */ = {
			isa = PBXResourcesBuildPhase;
			buildActionMask = 2147483647;
			files = (
			);
			runOnlyForDeploymentPostprocessing = 0;
		};
/* End PBXResourcesBuildPhase section */

/* Begin PBXSourcesBuildPhase section */
		B6DDD1122865D7F300DADB71 /* Sources */ = {
			isa = PBXSourcesBuildPhase;
			buildActionMask = 2147483647;
			files = (
				B6DDD1592866694C00DADB71 /* SharedAPI.swift in Sources */,
				B6DDD1692866957600DADB71 /* Cash.swift in Sources */,
				B6DDD16528667DED00DADB71 /* ProductList.swift in Sources */,
				B6DDD156286603A600DADB71 /* UIView+Extensions.swift in Sources */,
				B6DDD11E2865D7F300DADB71 /* ViewController.swift in Sources */,
				B6DDD167286688AC00DADB71 /* Encodable+Decodable.swift in Sources */,
				B6DDD1512865F14500DADB71 /* ImageCollectionViewCell.swift in Sources */,
				B6DDD16B286695A100DADB71 /* Product.swift in Sources */,
				B6DDD11A2865D7F300DADB71 /* AppDelegate.swift in Sources */,
				B6DDD16D286695B800DADB71 /* Spotlight.swift in Sources */,
				B6DDD14D2865EFBE00DADB71 /* CollectionTableViewCell.swift in Sources */,
			);
			runOnlyForDeploymentPostprocessing = 0;
		};
		B6DDD1282865D7F900DADB71 /* Sources */ = {
			isa = PBXSourcesBuildPhase;
			buildActionMask = 2147483647;
			files = (
				B6DDD1312865D7F900DADB71 /* DigioTestTests.swift in Sources */,
			);
			runOnlyForDeploymentPostprocessing = 0;
		};
		B6DDD1322865D7F900DADB71 /* Sources */ = {
			isa = PBXSourcesBuildPhase;
			buildActionMask = 2147483647;
			files = (
				B6DDD13B2865D7F900DADB71 /* DigioTestUITests.swift in Sources */,
				B6DDD13D2865D7F900DADB71 /* DigioTestUITestsLaunchTests.swift in Sources */,
			);
			runOnlyForDeploymentPostprocessing = 0;
		};
/* End PBXSourcesBuildPhase section */

/* Begin PBXTargetDependency section */
		B6DDD12E2865D7F900DADB71 /* PBXTargetDependency */ = {
			isa = PBXTargetDependency;
			target = B6DDD1152865D7F300DADB71 /* DigioTest */;
			targetProxy = B6DDD12D2865D7F900DADB71 /* PBXContainerItemProxy */;
		};
		B6DDD1382865D7F900DADB71 /* PBXTargetDependency */ = {
			isa = PBXTargetDependency;
			target = B6DDD1152865D7F300DADB71 /* DigioTest */;
			targetProxy = B6DDD1372865D7F900DADB71 /* PBXContainerItemProxy */;
		};
/* End PBXTargetDependency section */

/* Begin PBXVariantGroup section */
		B6DDD11F2865D7F300DADB71 /* Main.storyboard */ = {
			isa = PBXVariantGroup;
			children = (
				B6DDD1202865D7F300DADB71 /* Base */,
			);
			name = Main.storyboard;
			sourceTree = "<group>";
		};
		B6DDD1242865D7F900DADB71 /* LaunchScreen.storyboard */ = {
			isa = PBXVariantGroup;
			children = (
				B6DDD1252865D7F900DADB71 /* Base */,
			);
			name = LaunchScreen.storyboard;
			sourceTree = "<group>";
		};
/* End PBXVariantGroup section */

/* Begin XCBuildConfiguration section */
		B6DDD13E2865D7F900DADB71 /* Debug */ = {
			isa = XCBuildConfiguration;
			buildSettings = {
				ALWAYS_SEARCH_USER_PATHS = NO;
				CLANG_ANALYZER_NONNULL = YES;
				CLANG_ANALYZER_NUMBER_OBJECT_CONVERSION = YES_AGGRESSIVE;
				CLANG_CXX_LANGUAGE_STANDARD = "gnu++17";
				CLANG_ENABLE_MODULES = YES;
				CLANG_ENABLE_OBJC_ARC = YES;
				CLANG_ENABLE_OBJC_WEAK = YES;
				CLANG_WARN_BLOCK_CAPTURE_AUTORELEASING = YES;
				CLANG_WARN_BOOL_CONVERSION = YES;
				CLANG_WARN_COMMA = YES;
				CLANG_WARN_CONSTANT_CONVERSION = YES;
				CLANG_WARN_DEPRECATED_OBJC_IMPLEMENTATIONS = YES;
				CLANG_WARN_DIRECT_OBJC_ISA_USAGE = YES_ERROR;
				CLANG_WARN_DOCUMENTATION_COMMENTS = YES;
				CLANG_WARN_EMPTY_BODY = YES;
				CLANG_WARN_ENUM_CONVERSION = YES;
				CLANG_WARN_INFINITE_RECURSION = YES;
				CLANG_WARN_INT_CONVERSION = YES;
				CLANG_WARN_NON_LITERAL_NULL_CONVERSION = YES;
				CLANG_WARN_OBJC_IMPLICIT_RETAIN_SELF = YES;
				CLANG_WARN_OBJC_LITERAL_CONVERSION = YES;
				CLANG_WARN_OBJC_ROOT_CLASS = YES_ERROR;
				CLANG_WARN_QUOTED_INCLUDE_IN_FRAMEWORK_HEADER = YES;
				CLANG_WARN_RANGE_LOOP_ANALYSIS = YES;
				CLANG_WARN_STRICT_PROTOTYPES = YES;
				CLANG_WARN_SUSPICIOUS_MOVE = YES;
				CLANG_WARN_UNGUARDED_AVAILABILITY = YES_AGGRESSIVE;
				CLANG_WARN_UNREACHABLE_CODE = YES;
				CLANG_WARN__DUPLICATE_METHOD_MATCH = YES;
				COPY_PHASE_STRIP = NO;
				DEBUG_INFORMATION_FORMAT = dwarf;
				ENABLE_STRICT_OBJC_MSGSEND = YES;
				ENABLE_TESTABILITY = YES;
				GCC_C_LANGUAGE_STANDARD = gnu11;
				GCC_DYNAMIC_NO_PIC = NO;
				GCC_NO_COMMON_BLOCKS = YES;
				GCC_OPTIMIZATION_LEVEL = 0;
				GCC_PREPROCESSOR_DEFINITIONS = (
					"DEBUG=1",
					"$(inherited)",
				);
				GCC_WARN_64_TO_32_BIT_CONVERSION = YES;
				GCC_WARN_ABOUT_RETURN_TYPE = YES_ERROR;
				GCC_WARN_UNDECLARED_SELECTOR = YES;
				GCC_WARN_UNINITIALIZED_AUTOS = YES_AGGRESSIVE;
				GCC_WARN_UNUSED_FUNCTION = YES;
				GCC_WARN_UNUSED_VARIABLE = YES;
				IPHONEOS_DEPLOYMENT_TARGET = 15.5;
				MTL_ENABLE_DEBUG_INFO = INCLUDE_SOURCE;
				MTL_FAST_MATH = YES;
				ONLY_ACTIVE_ARCH = YES;
				SDKROOT = iphoneos;
				SWIFT_ACTIVE_COMPILATION_CONDITIONS = DEBUG;
				SWIFT_OPTIMIZATION_LEVEL = "-Onone";
			};
			name = Debug;
		};
		B6DDD13F2865D7F900DADB71 /* Release */ = {
			isa = XCBuildConfiguration;
			buildSettings = {
				ALWAYS_SEARCH_USER_PATHS = NO;
				CLANG_ANALYZER_NONNULL = YES;
				CLANG_ANALYZER_NUMBER_OBJECT_CONVERSION = YES_AGGRESSIVE;
				CLANG_CXX_LANGUAGE_STANDARD = "gnu++17";
				CLANG_ENABLE_MODULES = YES;
				CLANG_ENABLE_OBJC_ARC = YES;
				CLANG_ENABLE_OBJC_WEAK = YES;
				CLANG_WARN_BLOCK_CAPTURE_AUTORELEASING = YES;
				CLANG_WARN_BOOL_CONVERSION = YES;
				CLANG_WARN_COMMA = YES;
				CLANG_WARN_CONSTANT_CONVERSION = YES;
				CLANG_WARN_DEPRECATED_OBJC_IMPLEMENTATIONS = YES;
				CLANG_WARN_DIRECT_OBJC_ISA_USAGE = YES_ERROR;
				CLANG_WARN_DOCUMENTATION_COMMENTS = YES;
				CLANG_WARN_EMPTY_BODY = YES;
				CLANG_WARN_ENUM_CONVERSION = YES;
				CLANG_WARN_INFINITE_RECURSION = YES;
				CLANG_WARN_INT_CONVERSION = YES;
				CLANG_WARN_NON_LITERAL_NULL_CONVERSION = YES;
				CLANG_WARN_OBJC_IMPLICIT_RETAIN_SELF = YES;
				CLANG_WARN_OBJC_LITERAL_CONVERSION = YES;
				CLANG_WARN_OBJC_ROOT_CLASS = YES_ERROR;
				CLANG_WARN_QUOTED_INCLUDE_IN_FRAMEWORK_HEADER = YES;
				CLANG_WARN_RANGE_LOOP_ANALYSIS = YES;
				CLANG_WARN_STRICT_PROTOTYPES = YES;
				CLANG_WARN_SUSPICIOUS_MOVE = YES;
				CLANG_WARN_UNGUARDED_AVAILABILITY = YES_AGGRESSIVE;
				CLANG_WARN_UNREACHABLE_CODE = YES;
				CLANG_WARN__DUPLICATE_METHOD_MATCH = YES;
				COPY_PHASE_STRIP = NO;
				DEBUG_INFORMATION_FORMAT = "dwarf-with-dsym";
				ENABLE_NS_ASSERTIONS = NO;
				ENABLE_STRICT_OBJC_MSGSEND = YES;
				GCC_C_LANGUAGE_STANDARD = gnu11;
				GCC_NO_COMMON_BLOCKS = YES;
				GCC_WARN_64_TO_32_BIT_CONVERSION = YES;
				GCC_WARN_ABOUT_RETURN_TYPE = YES_ERROR;
				GCC_WARN_UNDECLARED_SELECTOR = YES;
				GCC_WARN_UNINITIALIZED_AUTOS = YES_AGGRESSIVE;
				GCC_WARN_UNUSED_FUNCTION = YES;
				GCC_WARN_UNUSED_VARIABLE = YES;
				IPHONEOS_DEPLOYMENT_TARGET = 15.5;
				MTL_ENABLE_DEBUG_INFO = NO;
				MTL_FAST_MATH = YES;
				SDKROOT = iphoneos;
				SWIFT_COMPILATION_MODE = wholemodule;
				SWIFT_OPTIMIZATION_LEVEL = "-O";
				VALIDATE_PRODUCT = YES;
			};
			name = Release;
		};
		B6DDD1412865D7F900DADB71 /* Debug */ = {
			isa = XCBuildConfiguration;
			buildSettings = {
				ASSETCATALOG_COMPILER_APPICON_NAME = AppIcon;
				ASSETCATALOG_COMPILER_GLOBAL_ACCENT_COLOR_NAME = AccentColor;
				CODE_SIGN_STYLE = Automatic;
				CURRENT_PROJECT_VERSION = 1;
				DEVELOPMENT_TEAM = 792V77RLPU;
				GENERATE_INFOPLIST_FILE = YES;
				INFOPLIST_FILE = DigioTest/Info.plist;
				INFOPLIST_KEY_UIApplicationSupportsIndirectInputEvents = YES;
				INFOPLIST_KEY_UILaunchStoryboardName = LaunchScreen;
				INFOPLIST_KEY_UIMainStoryboardFile = Main;
				INFOPLIST_KEY_UISupportedInterfaceOrientations_iPad = "UIInterfaceOrientationPortrait UIInterfaceOrientationPortraitUpsideDown UIInterfaceOrientationLandscapeLeft UIInterfaceOrientationLandscapeRight";
				INFOPLIST_KEY_UISupportedInterfaceOrientations_iPhone = "UIInterfaceOrientationPortrait UIInterfaceOrientationLandscapeLeft UIInterfaceOrientationLandscapeRight";
				IPHONEOS_DEPLOYMENT_TARGET = 12.0;
				LD_RUNPATH_SEARCH_PATHS = (
					"$(inherited)",
					"@executable_path/Frameworks",
				);
				MARKETING_VERSION = 1.0;
				PRODUCT_BUNDLE_IDENTIFIER = Drogs.DigioTest;
				PRODUCT_NAME = "$(TARGET_NAME)";
				SWIFT_EMIT_LOC_STRINGS = YES;
				SWIFT_VERSION = 5.0;
				TARGETED_DEVICE_FAMILY = "1,2";
			};
			name = Debug;
		};
		B6DDD1422865D7F900DADB71 /* Release */ = {
			isa = XCBuildConfiguration;
			buildSettings = {
				ASSETCATALOG_COMPILER_APPICON_NAME = AppIcon;
				ASSETCATALOG_COMPILER_GLOBAL_ACCENT_COLOR_NAME = AccentColor;
				CODE_SIGN_STYLE = Automatic;
				CURRENT_PROJECT_VERSION = 1;
				DEVELOPMENT_TEAM = 792V77RLPU;
				GENERATE_INFOPLIST_FILE = YES;
				INFOPLIST_FILE = DigioTest/Info.plist;
				INFOPLIST_KEY_UIApplicationSupportsIndirectInputEvents = YES;
				INFOPLIST_KEY_UILaunchStoryboardName = LaunchScreen;
				INFOPLIST_KEY_UIMainStoryboardFile = Main;
				INFOPLIST_KEY_UISupportedInterfaceOrientations_iPad = "UIInterfaceOrientationPortrait UIInterfaceOrientationPortraitUpsideDown UIInterfaceOrientationLandscapeLeft UIInterfaceOrientationLandscapeRight";
				INFOPLIST_KEY_UISupportedInterfaceOrientations_iPhone = "UIInterfaceOrientationPortrait UIInterfaceOrientationLandscapeLeft UIInterfaceOrientationLandscapeRight";
				IPHONEOS_DEPLOYMENT_TARGET = 12.0;
				LD_RUNPATH_SEARCH_PATHS = (
					"$(inherited)",
					"@executable_path/Frameworks",
				);
				MARKETING_VERSION = 1.0;
				PRODUCT_BUNDLE_IDENTIFIER = Drogs.DigioTest;
				PRODUCT_NAME = "$(TARGET_NAME)";
				SWIFT_EMIT_LOC_STRINGS = YES;
				SWIFT_VERSION = 5.0;
				TARGETED_DEVICE_FAMILY = "1,2";
			};
			name = Release;
		};
		B6DDD1442865D7F900DADB71 /* Debug */ = {
			isa = XCBuildConfiguration;
			buildSettings = {
				ALWAYS_EMBED_SWIFT_STANDARD_LIBRARIES = YES;
				BUNDLE_LOADER = "$(TEST_HOST)";
				CODE_SIGN_STYLE = Automatic;
				CURRENT_PROJECT_VERSION = 1;
				DEVELOPMENT_TEAM = 792V77RLPU;
				GENERATE_INFOPLIST_FILE = YES;
				IPHONEOS_DEPLOYMENT_TARGET = 15.5;
				MARKETING_VERSION = 1.0;
				PRODUCT_BUNDLE_IDENTIFIER = Drogs.DigioTestTests;
				PRODUCT_NAME = "$(TARGET_NAME)";
				SWIFT_EMIT_LOC_STRINGS = NO;
				SWIFT_VERSION = 5.0;
				TARGETED_DEVICE_FAMILY = "1,2";
				TEST_HOST = "$(BUILT_PRODUCTS_DIR)/DigioTest.app/DigioTest";
			};
			name = Debug;
		};
		B6DDD1452865D7F900DADB71 /* Release */ = {
			isa = XCBuildConfiguration;
			buildSettings = {
				ALWAYS_EMBED_SWIFT_STANDARD_LIBRARIES = YES;
				BUNDLE_LOADER = "$(TEST_HOST)";
				CODE_SIGN_STYLE = Automatic;
				CURRENT_PROJECT_VERSION = 1;
				DEVELOPMENT_TEAM = 792V77RLPU;
				GENERATE_INFOPLIST_FILE = YES;
				IPHONEOS_DEPLOYMENT_TARGET = 15.5;
				MARKETING_VERSION = 1.0;
				PRODUCT_BUNDLE_IDENTIFIER = Drogs.DigioTestTests;
				PRODUCT_NAME = "$(TARGET_NAME)";
				SWIFT_EMIT_LOC_STRINGS = NO;
				SWIFT_VERSION = 5.0;
				TARGETED_DEVICE_FAMILY = "1,2";
				TEST_HOST = "$(BUILT_PRODUCTS_DIR)/DigioTest.app/DigioTest";
			};
			name = Release;
		};
		B6DDD1472865D7F900DADB71 /* Debug */ = {
			isa = XCBuildConfiguration;
			buildSettings = {
				ALWAYS_EMBED_SWIFT_STANDARD_LIBRARIES = YES;
				CODE_SIGN_STYLE = Automatic;
				CURRENT_PROJECT_VERSION = 1;
				DEVELOPMENT_TEAM = 792V77RLPU;
				GENERATE_INFOPLIST_FILE = YES;
				MARKETING_VERSION = 1.0;
				PRODUCT_BUNDLE_IDENTIFIER = Drogs.DigioTestUITests;
				PRODUCT_NAME = "$(TARGET_NAME)";
				SWIFT_EMIT_LOC_STRINGS = NO;
				SWIFT_VERSION = 5.0;
				TARGETED_DEVICE_FAMILY = "1,2";
				TEST_TARGET_NAME = DigioTest;
			};
			name = Debug;
		};
		B6DDD1482865D7F900DADB71 /* Release */ = {
			isa = XCBuildConfiguration;
			buildSettings = {
				ALWAYS_EMBED_SWIFT_STANDARD_LIBRARIES = YES;
				CODE_SIGN_STYLE = Automatic;
				CURRENT_PROJECT_VERSION = 1;
				DEVELOPMENT_TEAM = 792V77RLPU;
				GENERATE_INFOPLIST_FILE = YES;
				MARKETING_VERSION = 1.0;
				PRODUCT_BUNDLE_IDENTIFIER = Drogs.DigioTestUITests;
				PRODUCT_NAME = "$(TARGET_NAME)";
				SWIFT_EMIT_LOC_STRINGS = NO;
				SWIFT_VERSION = 5.0;
				TARGETED_DEVICE_FAMILY = "1,2";
				TEST_TARGET_NAME = DigioTest;
			};
			name = Release;
		};
/* End XCBuildConfiguration section */

/* Begin XCConfigurationList section */
		B6DDD1112865D7F300DADB71 /* Build configuration list for PBXProject "DigioTest" */ = {
			isa = XCConfigurationList;
			buildConfigurations = (
				B6DDD13E2865D7F900DADB71 /* Debug */,
				B6DDD13F2865D7F900DADB71 /* Release */,
			);
			defaultConfigurationIsVisible = 0;
			defaultConfigurationName = Release;
		};
		B6DDD1402865D7F900DADB71 /* Build configuration list for PBXNativeTarget "DigioTest" */ = {
			isa = XCConfigurationList;
			buildConfigurations = (
				B6DDD1412865D7F900DADB71 /* Debug */,
				B6DDD1422865D7F900DADB71 /* Release */,
			);
			defaultConfigurationIsVisible = 0;
			defaultConfigurationName = Release;
		};
		B6DDD1432865D7F900DADB71 /* Build configuration list for PBXNativeTarget "DigioTestTests" */ = {
			isa = XCConfigurationList;
			buildConfigurations = (
				B6DDD1442865D7F900DADB71 /* Debug */,
				B6DDD1452865D7F900DADB71 /* Release */,
			);
			defaultConfigurationIsVisible = 0;
			defaultConfigurationName = Release;
		};
		B6DDD1462865D7F900DADB71 /* Build configuration list for PBXNativeTarget "DigioTestUITests" */ = {
			isa = XCConfigurationList;
			buildConfigurations = (
				B6DDD1472865D7F900DADB71 /* Debug */,
				B6DDD1482865D7F900DADB71 /* Release */,
			);
			defaultConfigurationIsVisible = 0;
			defaultConfigurationName = Release;
		};
/* End XCConfigurationList section */
	};
	rootObject = B6DDD10E2865D7F300DADB71 /* Project object */;
}
